
Microsoft Visual Studio Solution File, Format Version 12.00
# Visual Studio Version 16
VisualStudioVersion = 16.0.30717.126
MinimumVisualStudioVersion = 10.0.40219.1
Project("{FAE04EC0-301F-11D3-BF4B-00C04F79EFBC}") = "TestWebApi", "TestWebApi\TestWebApi.csproj", "{028B2ACF-4DFF-4F40-B5D2-40CD832C49B4}"
EndProject
Project("{FAE04EC0-301F-11D3-BF4B-00C04F79EFBC}") = "TestWebApiApp", "TestWebApiApp\TestWebApiApp.csproj", "{AFB8AF81-235E-4120-8035-66676F178D45}"
EndProject
Global
	GlobalSection(SolutionConfigurationPlatforms) = preSolution
		Debug|Any CPU = Debug|Any CPU
		Release|Any CPU = Release|Any CPU
	EndGlobalSection
	GlobalSection(ProjectConfigurationPlatforms) = postSolution
		{028B2ACF-4DFF-4F40-B5D2-40CD832C49B4}.Debug|Any CPU.ActiveCfg = Debug|Any CPU
		{028B2ACF-4DFF-4F40-B5D2-40CD832C49B4}.Debug|Any CPU.Build.0 = Debug|Any CPU
		{028B2ACF-4DFF-4F40-B5D2-40CD832C49B4}.Release|Any CPU.ActiveCfg = Release|Any CPU
		{028B2ACF-4DFF-4F40-B5D2-40CD832C49B4}.Release|Any CPU.Build.0 = Release|Any CPU
		{AFB8AF81-235E-4120-8035-66676F178D45}.Debug|Any CPU.ActiveCfg = Debug|Any CPU
		{AFB8AF81-235E-4120-8035-66676F178D45}.Debug|Any CPU.Build.0 = Debug|Any CPU
		{AFB8AF81-235E-4120-8035-66676F178D45}.Release|Any CPU.ActiveCfg = Release|Any CPU
		{AFB8AF81-235E-4120-8035-66676F178D45}.Release|Any CPU.Build.0 = Release|Any CPU
	EndGlobalSection
	GlobalSection(SolutionProperties) = preSolution
		HideSolutionNode = FALSE
	EndGlobalSection
	GlobalSection(ExtensibilityGlobals) = postSolution
		SolutionGuid = {8A0C46B2-9679-406E-BE88-2A4E6E0C5096}
	EndGlobalSection
EndGlobal
